// !$*UTF8*$!
{
	archiveVersion = 1;
	classes = {
	};
	objectVersion = 56;
	objects = {

/* Begin PBXBuildFile section */
		354A4EC92D009043007831A8 /* UnsplashApp.swift in Sources */ = {isa = PBXBuildFile; fileRef = 354A4EC82D009043007831A8 /* UnsplashApp.swift */; };
		354A4ECB2D009043007831A8 /* ContentView.swift in Sources */ = {isa = PBXBuildFile; fileRef = 354A4ECA2D009043007831A8 /* ContentView.swift */; };
		354A4ECD2D009045007831A8 /* Assets.xcassets in Resources */ = {isa = PBXBuildFile; fileRef = 354A4ECC2D009045007831A8 /* Assets.xcassets */; };
		354A4ED12D009045007831A8 /* Preview Assets.xcassets in Resources */ = {isa = PBXBuildFile; fileRef = 354A4ED02D009045007831A8 /* Preview Assets.xcassets */; };
		354A4EDB2D009045007831A8 /* UnsplashTests.swift in Sources */ = {isa = PBXBuildFile; fileRef = 354A4EDA2D009045007831A8 /* UnsplashTests.swift */; };
		354A4EE52D009045007831A8 /* UnsplashUITests.swift in Sources */ = {isa = PBXBuildFile; fileRef = 354A4EE42D009045007831A8 /* UnsplashUITests.swift */; };
		354A4EE72D009045007831A8 /* UnsplashUITestsLaunchTests.swift in Sources */ = {isa = PBXBuildFile; fileRef = 354A4EE62D009045007831A8 /* UnsplashUITestsLaunchTests.swift */; };
		3576DDC32D2D3C2200BC49F2 /* Movie.swift in Sources */ = {isa = PBXBuildFile; fileRef = 3576DDC22D2D3C2200BC49F2 /* Movie.swift */; };
		3576DDC52D2D40C700BC49F2 /* environment.plist in Resources */ = {isa = PBXBuildFile; fileRef = 3576DDC42D2D40C700BC49F2 /* environment.plist */; };
		3576DDC72D2D521100BC49F2 /* PListManager.swift in Sources */ = {isa = PBXBuildFile; fileRef = 3576DDC62D2D521100BC49F2 /* PListManager.swift */; };
		3576DDCB2D2D676500BC49F2 /* UnsplashAPI.swift in Sources */ = {isa = PBXBuildFile; fileRef = 3576DDCA2D2D676500BC49F2 /* UnsplashAPI.swift */; };
		3576DDCD2D2D69E000BC49F2 /* FeedState.swift in Sources */ = {isa = PBXBuildFile; fileRef = 3576DDCC2D2D69E000BC49F2 /* FeedState.swift */; };
		3576DDCF2D2D753E00BC49F2 /* Topic.swift in Sources */ = {isa = PBXBuildFile; fileRef = 3576DDCE2D2D753E00BC49F2 /* Topic.swift */; };
		3576DDD12D2D757000BC49F2 /* TopicState.swift in Sources */ = {isa = PBXBuildFile; fileRef = 3576DDD02D2D757000BC49F2 /* TopicState.swift */; };
		3576DDD32D2D75C200BC49F2 /* TopicFeedView.swift in Sources */ = {isa = PBXBuildFile; fileRef = 3576DDD22D2D75C200BC49F2 /* TopicFeedView.swift */; };
		3576DDD52D2D7E5A00BC49F2 /* ImageDetailView.swift in Sources */ = {isa = PBXBuildFile; fileRef = 3576DDD42D2D7E5A00BC49F2 /* ImageDetailView.swift */; };
/* End PBXBuildFile section */

/* Begin PBXContainerItemProxy section */
		354A4ED72D009045007831A8 /* PBXContainerItemProxy */ = {
			isa = PBXContainerItemProxy;
			containerPortal = 354A4EBD2D009043007831A8 /* Project object */;
			proxyType = 1;
			remoteGlobalIDString = 354A4EC42D009043007831A8;
			remoteInfo = Unsplash;
		};
		354A4EE12D009045007831A8 /* PBXContainerItemProxy */ = {
			isa = PBXContainerItemProxy;
			containerPortal = 354A4EBD2D009043007831A8 /* Project object */;
			proxyType = 1;
			remoteGlobalIDString = 354A4EC42D009043007831A8;
			remoteInfo = Unsplash;
		};
/* End PBXContainerItemProxy section */

/* Begin PBXFileReference section */
		354A4EC52D009043007831A8 /* Unsplash.app */ = {isa = PBXFileReference; explicitFileType = wrapper.application; includeInIndex = 0; path = Unsplash.app; sourceTree = BUILT_PRODUCTS_DIR; };
		354A4EC82D009043007831A8 /* UnsplashApp.swift */ = {isa = PBXFileReference; lastKnownFileType = sourcecode.swift; path = UnsplashApp.swift; sourceTree = "<group>"; };
		354A4ECA2D009043007831A8 /* ContentView.swift */ = {isa = PBXFileReference; lastKnownFileType = sourcecode.swift; path = ContentView.swift; sourceTree = "<group>"; };
		354A4ECC2D009045007831A8 /* Assets.xcassets */ = {isa = PBXFileReference; lastKnownFileType = folder.assetcatalog; path = Assets.xcassets; sourceTree = "<group>"; };
		354A4ECE2D009045007831A8 /* Unsplash.entitlements */ = {isa = PBXFileReference; lastKnownFileType = text.plist.entitlements; path = Unsplash.entitlements; sourceTree = "<group>"; };
		354A4ED02D009045007831A8 /* Preview Assets.xcassets */ = {isa = PBXFileReference; lastKnownFileType = folder.assetcatalog; path = "Preview Assets.xcassets"; sourceTree = "<group>"; };
		354A4ED62D009045007831A8 /* UnsplashTests.xctest */ = {isa = PBXFileReference; explicitFileType = wrapper.cfbundle; includeInIndex = 0; path = UnsplashTests.xctest; sourceTree = BUILT_PRODUCTS_DIR; };
		354A4EDA2D009045007831A8 /* UnsplashTests.swift */ = {isa = PBXFileReference; lastKnownFileType = sourcecode.swift; path = UnsplashTests.swift; sourceTree = "<group>"; };
		354A4EE02D009045007831A8 /* UnsplashUITests.xctest */ = {isa = PBXFileReference; explicitFileType = wrapper.cfbundle; includeInIndex = 0; path = UnsplashUITests.xctest; sourceTree = BUILT_PRODUCTS_DIR; };
		354A4EE42D009045007831A8 /* UnsplashUITests.swift */ = {isa = PBXFileReference; lastKnownFileType = sourcecode.swift; path = UnsplashUITests.swift; sourceTree = "<group>"; };
		354A4EE62D009045007831A8 /* UnsplashUITestsLaunchTests.swift */ = {isa = PBXFileReference; lastKnownFileType = sourcecode.swift; path = UnsplashUITestsLaunchTests.swift; sourceTree = "<group>"; };
		3576DDC12D2D12BB00BC49F2 /* Answers.md */ = {isa = PBXFileReference; lastKnownFileType = net.daringfireball.markdown; path = Answers.md; sourceTree = "<group>"; };
		3576DDC22D2D3C2200BC49F2 /* Movie.swift */ = {isa = PBXFileReference; lastKnownFileType = sourcecode.swift; path = Movie.swift; sourceTree = "<group>"; };
		3576DDC42D2D40C700BC49F2 /* environment.plist */ = {isa = PBXFileReference; lastKnownFileType = text.plist.xml; path = environment.plist; sourceTree = "<group>"; };
		3576DDC62D2D521100BC49F2 /* PListManager.swift */ = {isa = PBXFileReference; lastKnownFileType = sourcecode.swift; path = PListManager.swift; sourceTree = "<group>"; };
		3576DDCA2D2D676500BC49F2 /* UnsplashAPI.swift */ = {isa = PBXFileReference; lastKnownFileType = sourcecode.swift; path = UnsplashAPI.swift; sourceTree = "<group>"; };
		3576DDCC2D2D69E000BC49F2 /* FeedState.swift */ = {isa = PBXFileReference; lastKnownFileType = sourcecode.swift; path = FeedState.swift; sourceTree = "<group>"; };
		3576DDCE2D2D753E00BC49F2 /* Topic.swift */ = {isa = PBXFileReference; lastKnownFileType = sourcecode.swift; path = Topic.swift; sourceTree = "<group>"; };
		3576DDD02D2D757000BC49F2 /* TopicState.swift */ = {isa = PBXFileReference; lastKnownFileType = sourcecode.swift; path = TopicState.swift; sourceTree = "<group>"; };
		3576DDD22D2D75C200BC49F2 /* TopicFeedView.swift */ = {isa = PBXFileReference; lastKnownFileType = sourcecode.swift; path = TopicFeedView.swift; sourceTree = "<group>"; };
		3576DDD42D2D7E5A00BC49F2 /* ImageDetailView.swift */ = {isa = PBXFileReference; lastKnownFileType = sourcecode.swift; path = ImageDetailView.swift; sourceTree = "<group>"; };
/* End PBXFileReference section */

/* Begin PBXFrameworksBuildPhase section */
		354A4EC22D009043007831A8 /* Frameworks */ = {
			isa = PBXFrameworksBuildPhase;
			buildActionMask = 2147483647;
			files = (
			);
			runOnlyForDeploymentPostprocessing = 0;
		};
		354A4ED32D009045007831A8 /* Frameworks */ = {
			isa = PBXFrameworksBuildPhase;
			buildActionMask = 2147483647;
			files = (
			);
			runOnlyForDeploymentPostprocessing = 0;
		};
		354A4EDD2D009045007831A8 /* Frameworks */ = {
			isa = PBXFrameworksBuildPhase;
			buildActionMask = 2147483647;
			files = (
			);
			runOnlyForDeploymentPostprocessing = 0;
		};
/* End PBXFrameworksBuildPhase section */

/* Begin PBXGroup section */
		354A4EBC2D009043007831A8 = {
			isa = PBXGroup;
			children = (
				3576DDC42D2D40C700BC49F2 /* environment.plist */,
				3576DDC12D2D12BB00BC49F2 /* Answers.md */,
				354A4EC72D009043007831A8 /* Unsplash */,
				354A4ED92D009045007831A8 /* UnsplashTests */,
				354A4EE32D009045007831A8 /* UnsplashUITests */,
				354A4EC62D009043007831A8 /* Products */,
			);
			sourceTree = "<group>";
		};
		354A4EC62D009043007831A8 /* Products */ = {
			isa = PBXGroup;
			children = (
				354A4EC52D009043007831A8 /* Unsplash.app */,
				354A4ED62D009045007831A8 /* UnsplashTests.xctest */,
				354A4EE02D009045007831A8 /* UnsplashUITests.xctest */,
			);
			name = Products;
			sourceTree = "<group>";
		};
		354A4EC72D009043007831A8 /* Unsplash */ = {
			isa = PBXGroup;
			children = (
				3576DDC62D2D521100BC49F2 /* PListManager.swift */,
				3576DDCC2D2D69E000BC49F2 /* FeedState.swift */,
				3576DDC22D2D3C2200BC49F2 /* Movie.swift */,
				354A4EC82D009043007831A8 /* UnsplashApp.swift */,
				354A4ECA2D009043007831A8 /* ContentView.swift */,
				3576DDCA2D2D676500BC49F2 /* UnsplashAPI.swift */,
				3576DDCE2D2D753E00BC49F2 /* Topic.swift */,
				3576DDD22D2D75C200BC49F2 /* TopicFeedView.swift */,
				3576DDD02D2D757000BC49F2 /* TopicState.swift */,
				3576DDD42D2D7E5A00BC49F2 /* ImageDetailView.swift */,
				354A4ECC2D009045007831A8 /* Assets.xcassets */,
				354A4ECE2D009045007831A8 /* Unsplash.entitlements */,
				354A4ECF2D009045007831A8 /* Preview Content */,
			);
			path = Unsplash;
			sourceTree = "<group>";
		};
		354A4ECF2D009045007831A8 /* Preview Content */ = {
			isa = PBXGroup;
			children = (
				354A4ED02D009045007831A8 /* Preview Assets.xcassets */,
			);
			path = "Preview Content";
			sourceTree = "<group>";
		};
		354A4ED92D009045007831A8 /* UnsplashTests */ = {
			isa = PBXGroup;
			children = (
				354A4EDA2D009045007831A8 /* UnsplashTests.swift */,
			);
			path = UnsplashTests;
			sourceTree = "<group>";
		};
		354A4EE32D009045007831A8 /* UnsplashUITests */ = {
			isa = PBXGroup;
			children = (
				354A4EE42D009045007831A8 /* UnsplashUITests.swift */,
				354A4EE62D009045007831A8 /* UnsplashUITestsLaunchTests.swift */,
			);
			path = UnsplashUITests;
			sourceTree = "<group>";
		};
/* End PBXGroup section */

/* Begin PBXNativeTarget section */
		354A4EC42D009043007831A8 /* Unsplash */ = {
			isa = PBXNativeTarget;
			buildConfigurationList = 354A4EEA2D009045007831A8 /* Build configuration list for PBXNativeTarget "Unsplash" */;
			buildPhases = (
				354A4EC12D009043007831A8 /* Sources */,
				354A4EC22D009043007831A8 /* Frameworks */,
				354A4EC32D009043007831A8 /* Resources */,
			);
			buildRules = (
			);
			dependencies = (
			);
			name = Unsplash;
			productName = Unsplash;
			productReference = 354A4EC52D009043007831A8 /* Unsplash.app */;
			productType = "com.apple.product-type.application";
		};
		354A4ED52D009045007831A8 /* UnsplashTests */ = {
			isa = PBXNativeTarget;
			buildConfigurationList = 354A4EED2D009045007831A8 /* Build configuration list for PBXNativeTarget "UnsplashTests" */;
			buildPhases = (
				354A4ED22D009045007831A8 /* Sources */,
				354A4ED32D009045007831A8 /* Frameworks */,
				354A4ED42D009045007831A8 /* Resources */,
			);
			buildRules = (
			);
			dependencies = (
				354A4ED82D009045007831A8 /* PBXTargetDependency */,
			);
			name = UnsplashTests;
			productName = UnsplashTests;
			productReference = 354A4ED62D009045007831A8 /* UnsplashTests.xctest */;
			productType = "com.apple.product-type.bundle.unit-test";
		};
		354A4EDF2D009045007831A8 /* UnsplashUITests */ = {
			isa = PBXNativeTarget;
			buildConfigurationList = 354A4EF02D009045007831A8 /* Build configuration list for PBXNativeTarget "UnsplashUITests" */;
			buildPhases = (
				354A4EDC2D009045007831A8 /* Sources */,
				354A4EDD2D009045007831A8 /* Frameworks */,
				354A4EDE2D009045007831A8 /* Resources */,
			);
			buildRules = (
			);
			dependencies = (
				354A4EE22D009045007831A8 /* PBXTargetDependency */,
			);
			name = UnsplashUITests;
			productName = UnsplashUITests;
			productReference = 354A4EE02D009045007831A8 /* UnsplashUITests.xctest */;
			productType = "com.apple.product-type.bundle.ui-testing";
		};
/* End PBXNativeTarget section */

/* Begin PBXProject section */
		354A4EBD2D009043007831A8 /* Project object */ = {
			isa = PBXProject;
			attributes = {
				BuildIndependentTargetsInParallel = 1;
				LastSwiftUpdateCheck = 1520;
				LastUpgradeCheck = 1520;
				TargetAttributes = {
					354A4EC42D009043007831A8 = {
						CreatedOnToolsVersion = 15.2;
					};
					354A4ED52D009045007831A8 = {
						CreatedOnToolsVersion = 15.2;
						TestTargetID = 354A4EC42D009043007831A8;
					};
					354A4EDF2D009045007831A8 = {
						CreatedOnToolsVersion = 15.2;
						TestTargetID = 354A4EC42D009043007831A8;
					};
				};
			};
			buildConfigurationList = 354A4EC02D009043007831A8 /* Build configuration list for PBXProject "Unsplash" */;
			compatibilityVersion = "Xcode 14.0";
			developmentRegion = en;
			hasScannedForEncodings = 0;
			knownRegions = (
				en,
				Base,
			);
			mainGroup = 354A4EBC2D009043007831A8;
			productRefGroup = 354A4EC62D009043007831A8 /* Products */;
			projectDirPath = "";
			projectRoot = "";
			targets = (
				354A4EC42D009043007831A8 /* Unsplash */,
				354A4ED52D009045007831A8 /* UnsplashTests */,
				354A4EDF2D009045007831A8 /* UnsplashUITests */,
			);
		};
/* End PBXProject section */

/* Begin PBXResourcesBuildPhase section */
		354A4EC32D009043007831A8 /* Resources */ = {
			isa = PBXResourcesBuildPhase;
			buildActionMask = 2147483647;
			files = (
				354A4ED12D009045007831A8 /* Preview Assets.xcassets in Resources */,
				354A4ECD2D009045007831A8 /* Assets.xcassets in Resources */,
				3576DDC52D2D40C700BC49F2 /* environment.plist in Resources */,
			);
			runOnlyForDeploymentPostprocessing = 0;
		};
		354A4ED42D009045007831A8 /* Resources */ = {
			isa = PBXResourcesBuildPhase;
			buildActionMask = 2147483647;
			files = (
			);
			runOnlyForDeploymentPostprocessing = 0;
		};
		354A4EDE2D009045007831A8 /* Resources */ = {
			isa = PBXResourcesBuildPhase;
			buildActionMask = 2147483647;
			files = (
			);
			runOnlyForDeploymentPostprocessing = 0;
		};
/* End PBXResourcesBuildPhase section */

/* Begin PBXSourcesBuildPhase section */
		354A4EC12D009043007831A8 /* Sources */ = {
			isa = PBXSourcesBuildPhase;
			buildActionMask = 2147483647;
			files = (
				3576DDC72D2D521100BC49F2 /* PListManager.swift in Sources */,
				3576DDCB2D2D676500BC49F2 /* UnsplashAPI.swift in Sources */,
				354A4ECB2D009043007831A8 /* ContentView.swift in Sources */,
				3576DDD12D2D757000BC49F2 /* TopicState.swift in Sources */,
				3576DDCD2D2D69E000BC49F2 /* FeedState.swift in Sources */,
				354A4EC92D009043007831A8 /* UnsplashApp.swift in Sources */,
				3576DDD32D2D75C200BC49F2 /* TopicFeedView.swift in Sources */,
				3576DDC32D2D3C2200BC49F2 /* Movie.swift in Sources */,
				3576DDCF2D2D753E00BC49F2 /* Topic.swift in Sources */,
				3576DDD52D2D7E5A00BC49F2 /* ImageDetailView.swift in Sources */,
			);
			runOnlyForDeploymentPostprocessing = 0;
		};
		354A4ED22D009045007831A8 /* Sources */ = {
			isa = PBXSourcesBuildPhase;
			buildActionMask = 2147483647;
			files = (
				354A4EDB2D009045007831A8 /* UnsplashTests.swift in Sources */,
			);
			runOnlyForDeploymentPostprocessing = 0;
		};
		354A4EDC2D009045007831A8 /* Sources */ = {
			isa = PBXSourcesBuildPhase;
			buildActionMask = 2147483647;
			files = (
				354A4EE72D009045007831A8 /* UnsplashUITestsLaunchTests.swift in Sources */,
				354A4EE52D009045007831A8 /* UnsplashUITests.swift in Sources */,
			);
			runOnlyForDeploymentPostprocessing = 0;
		};
/* End PBXSourcesBuildPhase section */

/* Begin PBXTargetDependency section */
		354A4ED82D009045007831A8 /* PBXTargetDependency */ = {
			isa = PBXTargetDependency;
			target = 354A4EC42D009043007831A8 /* Unsplash */;
			targetProxy = 354A4ED72D009045007831A8 /* PBXContainerItemProxy */;
		};
		354A4EE22D009045007831A8 /* PBXTargetDependency */ = {
			isa = PBXTargetDependency;
			target = 354A4EC42D009043007831A8 /* Unsplash */;
			targetProxy = 354A4EE12D009045007831A8 /* PBXContainerItemProxy */;
		};
/* End PBXTargetDependency section */

/* Begin XCBuildConfiguration section */
		354A4EE82D009045007831A8 /* Debug */ = {
			isa = XCBuildConfiguration;
			buildSettings = {
				ALWAYS_SEARCH_USER_PATHS = NO;
				ASSETCATALOG_COMPILER_GENERATE_SWIFT_ASSET_SYMBOL_EXTENSIONS = YES;
				CLANG_ANALYZER_NONNULL = YES;
				CLANG_ANALYZER_NUMBER_OBJECT_CONVERSION = YES_AGGRESSIVE;
				CLANG_CXX_LANGUAGE_STANDARD = "gnu++20";
				CLANG_ENABLE_MODULES = YES;
				CLANG_ENABLE_OBJC_ARC = YES;
				CLANG_ENABLE_OBJC_WEAK = YES;
				CLANG_WARN_BLOCK_CAPTURE_AUTORELEASING = YES;
				CLANG_WARN_BOOL_CONVERSION = YES;
				CLANG_WARN_COMMA = YES;
				CLANG_WARN_CONSTANT_CONVERSION = YES;
				CLANG_WARN_DEPRECATED_OBJC_IMPLEMENTATIONS = YES;
				CLANG_WARN_DIRECT_OBJC_ISA_USAGE = YES_ERROR;
				CLANG_WARN_DOCUMENTATION_COMMENTS = YES;
				CLANG_WARN_EMPTY_BODY = YES;
				CLANG_WARN_ENUM_CONVERSION = YES;
				CLANG_WARN_INFINITE_RECURSION = YES;
				CLANG_WARN_INT_CONVERSION = YES;
				CLANG_WARN_NON_LITERAL_NULL_CONVERSION = YES;
				CLANG_WARN_OBJC_IMPLICIT_RETAIN_SELF = YES;
				CLANG_WARN_OBJC_LITERAL_CONVERSION = YES;
				CLANG_WARN_OBJC_ROOT_CLASS = YES_ERROR;
				CLANG_WARN_QUOTED_INCLUDE_IN_FRAMEWORK_HEADER = YES;
				CLANG_WARN_RANGE_LOOP_ANALYSIS = YES;
				CLANG_WARN_STRICT_PROTOTYPES = YES;
				CLANG_WARN_SUSPICIOUS_MOVE = YES;
				CLANG_WARN_UNGUARDED_AVAILABILITY = YES_AGGRESSIVE;
				CLANG_WARN_UNREACHABLE_CODE = YES;
				CLANG_WARN__DUPLICATE_METHOD_MATCH = YES;
				COPY_PHASE_STRIP = NO;
				DEBUG_INFORMATION_FORMAT = dwarf;
				ENABLE_STRICT_OBJC_MSGSEND = YES;
				ENABLE_TESTABILITY = YES;
				ENABLE_USER_SCRIPT_SANDBOXING = YES;
				GCC_C_LANGUAGE_STANDARD = gnu17;
				GCC_DYNAMIC_NO_PIC = NO;
				GCC_NO_COMMON_BLOCKS = YES;
				GCC_OPTIMIZATION_LEVEL = 0;
				GCC_PREPROCESSOR_DEFINITIONS = (
					"DEBUG=1",
					"$(inherited)",
				);
				GCC_WARN_64_TO_32_BIT_CONVERSION = YES;
				GCC_WARN_ABOUT_RETURN_TYPE = YES_ERROR;
				GCC_WARN_UNDECLARED_SELECTOR = YES;
				GCC_WARN_UNINITIALIZED_AUTOS = YES_AGGRESSIVE;
				GCC_WARN_UNUSED_FUNCTION = YES;
				GCC_WARN_UNUSED_VARIABLE = YES;
				LOCALIZATION_PREFERS_STRING_CATALOGS = YES;
				MTL_ENABLE_DEBUG_INFO = INCLUDE_SOURCE;
				MTL_FAST_MATH = YES;
				ONLY_ACTIVE_ARCH = YES;
				SWIFT_ACTIVE_COMPILATION_CONDITIONS = "DEBUG $(inherited)";
				SWIFT_OPTIMIZATION_LEVEL = "-Onone";
			};
			name = Debug;
		};
		354A4EE92D009045007831A8 /* Release */ = {
			isa = XCBuildConfiguration;
			buildSettings = {
				ALWAYS_SEARCH_USER_PATHS = NO;
				ASSETCATALOG_COMPILER_GENERATE_SWIFT_ASSET_SYMBOL_EXTENSIONS = YES;
				CLANG_ANALYZER_NONNULL = YES;
				CLANG_ANALYZER_NUMBER_OBJECT_CONVERSION = YES_AGGRESSIVE;
				CLANG_CXX_LANGUAGE_STANDARD = "gnu++20";
				CLANG_ENABLE_MODULES = YES;
				CLANG_ENABLE_OBJC_ARC = YES;
				CLANG_ENABLE_OBJC_WEAK = YES;
				CLANG_WARN_BLOCK_CAPTURE_AUTORELEASING = YES;
				CLANG_WARN_BOOL_CONVERSION = YES;
				CLANG_WARN_COMMA = YES;
				CLANG_WARN_CONSTANT_CONVERSION = YES;
				CLANG_WARN_DEPRECATED_OBJC_IMPLEMENTATIONS = YES;
				CLANG_WARN_DIRECT_OBJC_ISA_USAGE = YES_ERROR;
				CLANG_WARN_DOCUMENTATION_COMMENTS = YES;
				CLANG_WARN_EMPTY_BODY = YES;
				CLANG_WARN_ENUM_CONVERSION = YES;
				CLANG_WARN_INFINITE_RECURSION = YES;
				CLANG_WARN_INT_CONVERSION = YES;
				CLANG_WARN_NON_LITERAL_NULL_CONVERSION = YES;
				CLANG_WARN_OBJC_IMPLICIT_RETAIN_SELF = YES;
				CLANG_WARN_OBJC_LITERAL_CONVERSION = YES;
				CLANG_WARN_OBJC_ROOT_CLASS = YES_ERROR;
				CLANG_WARN_QUOTED_INCLUDE_IN_FRAMEWORK_HEADER = YES;
				CLANG_WARN_RANGE_LOOP_ANALYSIS = YES;
				CLANG_WARN_STRICT_PROTOTYPES = YES;
				CLANG_WARN_SUSPICIOUS_MOVE = YES;
				CLANG_WARN_UNGUARDED_AVAILABILITY = YES_AGGRESSIVE;
				CLANG_WARN_UNREACHABLE_CODE = YES;
				CLANG_WARN__DUPLICATE_METHOD_MATCH = YES;
				COPY_PHASE_STRIP = NO;
				DEBUG_INFORMATION_FORMAT = "dwarf-with-dsym";
				ENABLE_NS_ASSERTIONS = NO;
				ENABLE_STRICT_OBJC_MSGSEND = YES;
				ENABLE_USER_SCRIPT_SANDBOXING = YES;
				GCC_C_LANGUAGE_STANDARD = gnu17;
				GCC_NO_COMMON_BLOCKS = YES;
				GCC_WARN_64_TO_32_BIT_CONVERSION = YES;
				GCC_WARN_ABOUT_RETURN_TYPE = YES_ERROR;
				GCC_WARN_UNDECLARED_SELECTOR = YES;
				GCC_WARN_UNINITIALIZED_AUTOS = YES_AGGRESSIVE;
				GCC_WARN_UNUSED_FUNCTION = YES;
				GCC_WARN_UNUSED_VARIABLE = YES;
				LOCALIZATION_PREFERS_STRING_CATALOGS = YES;
				MTL_ENABLE_DEBUG_INFO = NO;
				MTL_FAST_MATH = YES;
				SWIFT_COMPILATION_MODE = wholemodule;
			};
			name = Release;
		};
		354A4EEB2D009045007831A8 /* Debug */ = {
			isa = XCBuildConfiguration;
			buildSettings = {
				ASSETCATALOG_COMPILER_APPICON_NAME = AppIcon;
				ASSETCATALOG_COMPILER_GLOBAL_ACCENT_COLOR_NAME = AccentColor;
				CODE_SIGN_ENTITLEMENTS = Unsplash/Unsplash.entitlements;
				CODE_SIGN_STYLE = Automatic;
				CURRENT_PROJECT_VERSION = 1;
				DEVELOPMENT_ASSET_PATHS = "\"Unsplash/Preview Content\"";
				ENABLE_PREVIEWS = YES;
				GENERATE_INFOPLIST_FILE = YES;
				INFOPLIST_KEY_NSPhotoLibraryAddUsageDescription = "Êtes-vous sûr de mettre cette image dans votre galerie ?";
				"INFOPLIST_KEY_UIApplicationSceneManifest_Generation[sdk=iphoneos*]" = YES;
				"INFOPLIST_KEY_UIApplicationSceneManifest_Generation[sdk=iphonesimulator*]" = YES;
				"INFOPLIST_KEY_UIApplicationSupportsIndirectInputEvents[sdk=iphoneos*]" = YES;
				"INFOPLIST_KEY_UIApplicationSupportsIndirectInputEvents[sdk=iphonesimulator*]" = YES;
				"INFOPLIST_KEY_UILaunchScreen_Generation[sdk=iphoneos*]" = YES;
				"INFOPLIST_KEY_UILaunchScreen_Generation[sdk=iphonesimulator*]" = YES;
				"INFOPLIST_KEY_UIStatusBarStyle[sdk=iphoneos*]" = UIStatusBarStyleDefault;
				"INFOPLIST_KEY_UIStatusBarStyle[sdk=iphonesimulator*]" = UIStatusBarStyleDefault;
				INFOPLIST_KEY_UISupportedInterfaceOrientations_iPad = "UIInterfaceOrientationPortrait UIInterfaceOrientationPortraitUpsideDown UIInterfaceOrientationLandscapeLeft UIInterfaceOrientationLandscapeRight";
				INFOPLIST_KEY_UISupportedInterfaceOrientations_iPhone = "UIInterfaceOrientationPortrait UIInterfaceOrientationLandscapeLeft UIInterfaceOrientationLandscapeRight";
				IPHONEOS_DEPLOYMENT_TARGET = 17.2;
				LD_RUNPATH_SEARCH_PATHS = "@executable_path/Frameworks";
				"LD_RUNPATH_SEARCH_PATHS[sdk=macosx*]" = "@executable_path/../Frameworks";
				MACOSX_DEPLOYMENT_TARGET = 13.6;
				MARKETING_VERSION = 1.0;
				PRODUCT_BUNDLE_IDENTIFIER = MAZEL.Unsplash;
				PRODUCT_NAME = "$(TARGET_NAME)";
				SDKROOT = auto;
				SUPPORTED_PLATFORMS = "iphoneos iphonesimulator macosx";
				SWIFT_EMIT_LOC_STRINGS = YES;
				SWIFT_VERSION = 5.0;
				TARGETED_DEVICE_FAMILY = "1,2";
			};
			name = Debug;
		};
		354A4EEC2D009045007831A8 /* Release */ = {
			isa = XCBuildConfiguration;
			buildSettings = {
				ASSETCATALOG_COMPILER_APPICON_NAME = AppIcon;
				ASSETCATALOG_COMPILER_GLOBAL_ACCENT_COLOR_NAME = AccentColor;
				CODE_SIGN_ENTITLEMENTS = Unsplash/Unsplash.entitlements;
				CODE_SIGN_STYLE = Automatic;
				CURRENT_PROJECT_VERSION = 1;
				DEVELOPMENT_ASSET_PATHS = "\"Unsplash/Preview Content\"";
				ENABLE_PREVIEWS = YES;
				GENERATE_INFOPLIST_FILE = YES;
				INFOPLIST_KEY_NSPhotoLibraryAddUsageDescription = "Êtes-vous sûr de mettre cette image dans votre galerie ?";
				"INFOPLIST_KEY_UIApplicationSceneManifest_Generation[sdk=iphoneos*]" = YES;
				"INFOPLIST_KEY_UIApplicationSceneManifest_Generation[sdk=iphonesimulator*]" = YES;
				"INFOPLIST_KEY_UIApplicationSupportsIndirectInputEvents[sdk=iphoneos*]" = YES;
				"INFOPLIST_KEY_UIApplicationSupportsIndirectInputEvents[sdk=iphonesimulator*]" = YES;
				"INFOPLIST_KEY_UILaunchScreen_Generation[sdk=iphoneos*]" = YES;
				"INFOPLIST_KEY_UILaunchScreen_Generation[sdk=iphonesimulator*]" = YES;
				"INFOPLIST_KEY_UIStatusBarStyle[sdk=iphoneos*]" = UIStatusBarStyleDefault;
				"INFOPLIST_KEY_UIStatusBarStyle[sdk=iphonesimulator*]" = UIStatusBarStyleDefault;
				INFOPLIST_KEY_UISupportedInterfaceOrientations_iPad = "UIInterfaceOrientationPortrait UIInterfaceOrientationPortraitUpsideDown UIInterfaceOrientationLandscapeLeft UIInterfaceOrientationLandscapeRight";
				INFOPLIST_KEY_UISupportedInterfaceOrientations_iPhone = "UIInterfaceOrientationPortrait UIInterfaceOrientationLandscapeLeft UIInterfaceOrientationLandscapeRight";
				IPHONEOS_DEPLOYMENT_TARGET = 17.2;
				LD_RUNPATH_SEARCH_PATHS = "@executable_path/Frameworks";
				"LD_RUNPATH_SEARCH_PATHS[sdk=macosx*]" = "@executable_path/../Frameworks";
				MACOSX_DEPLOYMENT_TARGET = 13.6;
				MARKETING_VERSION = 1.0;
				PRODUCT_BUNDLE_IDENTIFIER = MAZEL.Unsplash;
				PRODUCT_NAME = "$(TARGET_NAME)";
				SDKROOT = auto;
				SUPPORTED_PLATFORMS = "iphoneos iphonesimulator macosx";
				SWIFT_EMIT_LOC_STRINGS = YES;
				SWIFT_VERSION = 5.0;
				TARGETED_DEVICE_FAMILY = "1,2";
			};
			name = Release;
		};
		354A4EEE2D009045007831A8 /* Debug */ = {
			isa = XCBuildConfiguration;
			buildSettings = {
				ALWAYS_EMBED_SWIFT_STANDARD_LIBRARIES = YES;
				BUNDLE_LOADER = "$(TEST_HOST)";
				CODE_SIGN_STYLE = Automatic;
				CURRENT_PROJECT_VERSION = 1;
				GENERATE_INFOPLIST_FILE = YES;
				IPHONEOS_DEPLOYMENT_TARGET = 17.2;
				MACOSX_DEPLOYMENT_TARGET = 13.6;
				MARKETING_VERSION = 1.0;
				PRODUCT_BUNDLE_IDENTIFIER = MAZEL.UnsplashTests;
				PRODUCT_NAME = "$(TARGET_NAME)";
				SDKROOT = auto;
				SUPPORTED_PLATFORMS = "iphoneos iphonesimulator macosx";
				SWIFT_EMIT_LOC_STRINGS = NO;
				SWIFT_VERSION = 5.0;
				TARGETED_DEVICE_FAMILY = "1,2";
				TEST_HOST = "$(BUILT_PRODUCTS_DIR)/Unsplash.app/$(BUNDLE_EXECUTABLE_FOLDER_PATH)/Unsplash";
			};
			name = Debug;
		};
		354A4EEF2D009045007831A8 /* Release */ = {
			isa = XCBuildConfiguration;
			buildSettings = {
				ALWAYS_EMBED_SWIFT_STANDARD_LIBRARIES = YES;
				BUNDLE_LOADER = "$(TEST_HOST)";
				CODE_SIGN_STYLE = Automatic;
				CURRENT_PROJECT_VERSION = 1;
				GENERATE_INFOPLIST_FILE = YES;
				IPHONEOS_DEPLOYMENT_TARGET = 17.2;
				MACOSX_DEPLOYMENT_TARGET = 13.6;
				MARKETING_VERSION = 1.0;
				PRODUCT_BUNDLE_IDENTIFIER = MAZEL.UnsplashTests;
				PRODUCT_NAME = "$(TARGET_NAME)";
				SDKROOT = auto;
				SUPPORTED_PLATFORMS = "iphoneos iphonesimulator macosx";
				SWIFT_EMIT_LOC_STRINGS = NO;
				SWIFT_VERSION = 5.0;
				TARGETED_DEVICE_FAMILY = "1,2";
				TEST_HOST = "$(BUILT_PRODUCTS_DIR)/Unsplash.app/$(BUNDLE_EXECUTABLE_FOLDER_PATH)/Unsplash";
			};
			name = Release;
		};
		354A4EF12D009045007831A8 /* Debug */ = {
			isa = XCBuildConfiguration;
			buildSettings = {
				ALWAYS_EMBED_SWIFT_STANDARD_LIBRARIES = YES;
				CODE_SIGN_STYLE = Automatic;
				CURRENT_PROJECT_VERSION = 1;
				GENERATE_INFOPLIST_FILE = YES;
				IPHONEOS_DEPLOYMENT_TARGET = 17.2;
				MACOSX_DEPLOYMENT_TARGET = 13.6;
				MARKETING_VERSION = 1.0;
				PRODUCT_BUNDLE_IDENTIFIER = MAZEL.UnsplashUITests;
				PRODUCT_NAME = "$(TARGET_NAME)";
				SDKROOT = auto;
				SUPPORTED_PLATFORMS = "iphoneos iphonesimulator macosx";
				SWIFT_EMIT_LOC_STRINGS = NO;
				SWIFT_VERSION = 5.0;
				TARGETED_DEVICE_FAMILY = "1,2";
				TEST_TARGET_NAME = Unsplash;
			};
			name = Debug;
		};
		354A4EF22D009045007831A8 /* Release */ = {
			isa = XCBuildConfiguration;
			buildSettings = {
				ALWAYS_EMBED_SWIFT_STANDARD_LIBRARIES = YES;
				CODE_SIGN_STYLE = Automatic;
				CURRENT_PROJECT_VERSION = 1;
				GENERATE_INFOPLIST_FILE = YES;
				IPHONEOS_DEPLOYMENT_TARGET = 17.2;
				MACOSX_DEPLOYMENT_TARGET = 13.6;
				MARKETING_VERSION = 1.0;
				PRODUCT_BUNDLE_IDENTIFIER = MAZEL.UnsplashUITests;
				PRODUCT_NAME = "$(TARGET_NAME)";
				SDKROOT = auto;
				SUPPORTED_PLATFORMS = "iphoneos iphonesimulator macosx";
				SWIFT_EMIT_LOC_STRINGS = NO;
				SWIFT_VERSION = 5.0;
				TARGETED_DEVICE_FAMILY = "1,2";
				TEST_TARGET_NAME = Unsplash;
			};
			name = Release;
		};
/* End XCBuildConfiguration section */

/* Begin XCConfigurationList section */
		354A4EC02D009043007831A8 /* Build configuration list for PBXProject "Unsplash" */ = {
			isa = XCConfigurationList;
			buildConfigurations = (
				354A4EE82D009045007831A8 /* Debug */,
				354A4EE92D009045007831A8 /* Release */,
			);
			defaultConfigurationIsVisible = 0;
			defaultConfigurationName = Release;
		};
		354A4EEA2D009045007831A8 /* Build configuration list for PBXNativeTarget "Unsplash" */ = {
			isa = XCConfigurationList;
			buildConfigurations = (
				354A4EEB2D009045007831A8 /* Debug */,
				354A4EEC2D009045007831A8 /* Release */,
			);
			defaultConfigurationIsVisible = 0;
			defaultConfigurationName = Release;
		};
		354A4EED2D009045007831A8 /* Build configuration list for PBXNativeTarget "UnsplashTests" */ = {
			isa = XCConfigurationList;
			buildConfigurations = (
				354A4EEE2D009045007831A8 /* Debug */,
				354A4EEF2D009045007831A8 /* Release */,
			);
			defaultConfigurationIsVisible = 0;
			defaultConfigurationName = Release;
		};
		354A4EF02D009045007831A8 /* Build configuration list for PBXNativeTarget "UnsplashUITests" */ = {
			isa = XCConfigurationList;
			buildConfigurations = (
				354A4EF12D009045007831A8 /* Debug */,
				354A4EF22D009045007831A8 /* Release */,
			);
			defaultConfigurationIsVisible = 0;
			defaultConfigurationName = Release;
		};
/* End XCConfigurationList section */
	};
	rootObject = 354A4EBD2D009043007831A8 /* Project object */;
}
